// !$*UTF8*$!
{
	archiveVersion = 1;
	classes = {
	};
	objectVersion = 52;
	objects = {

/* Begin PBXBuildFile section */
		879E54CC29DC02580071D0A1 /* StarWarsSwiftUIApp.swift in Sources */ = {isa = PBXBuildFile; fileRef = 879E54CB29DC02580071D0A1 /* StarWarsSwiftUIApp.swift */; };
		879E54CE29DC02580071D0A1 /* ContentView.swift in Sources */ = {isa = PBXBuildFile; fileRef = 879E54CD29DC02580071D0A1 /* ContentView.swift */; };
		879E54D029DC025A0071D0A1 /* Assets.xcassets in Resources */ = {isa = PBXBuildFile; fileRef = 879E54CF29DC025A0071D0A1 /* Assets.xcassets */; };
		879E54D329DC025A0071D0A1 /* Preview Assets.xcassets in Resources */ = {isa = PBXBuildFile; fileRef = 879E54D229DC025A0071D0A1 /* Preview Assets.xcassets */; };
		879E54DE29DC025A0071D0A1 /* StarWarsSwiftUITests.swift in Sources */ = {isa = PBXBuildFile; fileRef = 879E54DD29DC025A0071D0A1 /* StarWarsSwiftUITests.swift */; };
		879E54E929DC025A0071D0A1 /* StarWarsSwiftUIUITests.swift in Sources */ = {isa = PBXBuildFile; fileRef = 879E54E829DC025A0071D0A1 /* StarWarsSwiftUIUITests.swift */; };
		879E54F929DC039B0071D0A1 /* PeopleListModel.swift in Sources */ = {isa = PBXBuildFile; fileRef = 879E54F829DC039B0071D0A1 /* PeopleListModel.swift */; };
		879E54FA29DC039B0071D0A1 /* PeopleListModel.swift in Sources */ = {isa = PBXBuildFile; fileRef = 879E54F829DC039B0071D0A1 /* PeopleListModel.swift */; };
		879E54FD29DC04D80071D0A1 /* Alamofire in Frameworks */ = {isa = PBXBuildFile; productRef = 879E54FC29DC04D80071D0A1 /* Alamofire */; };
		879E550029DC07300071D0A1 /* NetworkManager.swift in Sources */ = {isa = PBXBuildFile; fileRef = 879E54FF29DC07300071D0A1 /* NetworkManager.swift */; };
		879E550129DC07300071D0A1 /* NetworkManager.swift in Sources */ = {isa = PBXBuildFile; fileRef = 879E54FF29DC07300071D0A1 /* NetworkManager.swift */; };
		879E550329DC0AFF0071D0A1 /* ErrorModels.swift in Sources */ = {isa = PBXBuildFile; fileRef = 879E550229DC0AFF0071D0A1 /* ErrorModels.swift */; };
		879E550429DC0AFF0071D0A1 /* ErrorModels.swift in Sources */ = {isa = PBXBuildFile; fileRef = 879E550229DC0AFF0071D0A1 /* ErrorModels.swift */; };
		879E550729DC0DC50071D0A1 /* PeopleListViewModel.swift in Sources */ = {isa = PBXBuildFile; fileRef = 879E550629DC0DC50071D0A1 /* PeopleListViewModel.swift */; };
		879E550829DC0DC50071D0A1 /* PeopleListViewModel.swift in Sources */ = {isa = PBXBuildFile; fileRef = 879E550629DC0DC50071D0A1 /* PeopleListViewModel.swift */; };
/* End PBXBuildFile section */

/* Begin PBXContainerItemProxy section */
		879E54DA29DC025A0071D0A1 /* PBXContainerItemProxy */ = {
			isa = PBXContainerItemProxy;
			containerPortal = 879E54C029DC02580071D0A1 /* Project object */;
			proxyType = 1;
			remoteGlobalIDString = 879E54C729DC02580071D0A1;
			remoteInfo = StarWarsSwiftUI;
		};
		879E54E529DC025A0071D0A1 /* PBXContainerItemProxy */ = {
			isa = PBXContainerItemProxy;
			containerPortal = 879E54C029DC02580071D0A1 /* Project object */;
			proxyType = 1;
			remoteGlobalIDString = 879E54C729DC02580071D0A1;
			remoteInfo = StarWarsSwiftUI;
		};
/* End PBXContainerItemProxy section */

/* Begin PBXFileReference section */
		879E54C829DC02580071D0A1 /* StarWarsSwiftUI.app */ = {isa = PBXFileReference; explicitFileType = wrapper.application; includeInIndex = 0; path = StarWarsSwiftUI.app; sourceTree = BUILT_PRODUCTS_DIR; };
		879E54CB29DC02580071D0A1 /* StarWarsSwiftUIApp.swift */ = {isa = PBXFileReference; lastKnownFileType = sourcecode.swift; path = StarWarsSwiftUIApp.swift; sourceTree = "<group>"; };
		879E54CD29DC02580071D0A1 /* ContentView.swift */ = {isa = PBXFileReference; lastKnownFileType = sourcecode.swift; path = ContentView.swift; sourceTree = "<group>"; };
		879E54CF29DC025A0071D0A1 /* Assets.xcassets */ = {isa = PBXFileReference; lastKnownFileType = folder.assetcatalog; path = Assets.xcassets; sourceTree = "<group>"; };
		879E54D229DC025A0071D0A1 /* Preview Assets.xcassets */ = {isa = PBXFileReference; lastKnownFileType = folder.assetcatalog; path = "Preview Assets.xcassets"; sourceTree = "<group>"; };
		879E54D429DC025A0071D0A1 /* Info.plist */ = {isa = PBXFileReference; lastKnownFileType = text.plist.xml; path = Info.plist; sourceTree = "<group>"; };
		879E54D929DC025A0071D0A1 /* StarWarsSwiftUITests.xctest */ = {isa = PBXFileReference; explicitFileType = wrapper.cfbundle; includeInIndex = 0; path = StarWarsSwiftUITests.xctest; sourceTree = BUILT_PRODUCTS_DIR; };
		879E54DD29DC025A0071D0A1 /* StarWarsSwiftUITests.swift */ = {isa = PBXFileReference; lastKnownFileType = sourcecode.swift; path = StarWarsSwiftUITests.swift; sourceTree = "<group>"; };
		879E54DF29DC025A0071D0A1 /* Info.plist */ = {isa = PBXFileReference; lastKnownFileType = text.plist.xml; path = Info.plist; sourceTree = "<group>"; };
		879E54E429DC025A0071D0A1 /* StarWarsSwiftUIUITests.xctest */ = {isa = PBXFileReference; explicitFileType = wrapper.cfbundle; includeInIndex = 0; path = StarWarsSwiftUIUITests.xctest; sourceTree = BUILT_PRODUCTS_DIR; };
		879E54E829DC025A0071D0A1 /* StarWarsSwiftUIUITests.swift */ = {isa = PBXFileReference; lastKnownFileType = sourcecode.swift; path = StarWarsSwiftUIUITests.swift; sourceTree = "<group>"; };
		879E54EA29DC025A0071D0A1 /* Info.plist */ = {isa = PBXFileReference; lastKnownFileType = text.plist.xml; path = Info.plist; sourceTree = "<group>"; };
		879E54F829DC039B0071D0A1 /* PeopleListModel.swift */ = {isa = PBXFileReference; lastKnownFileType = sourcecode.swift; path = PeopleListModel.swift; sourceTree = "<group>"; };
		879E54FF29DC07300071D0A1 /* NetworkManager.swift */ = {isa = PBXFileReference; lastKnownFileType = sourcecode.swift; path = NetworkManager.swift; sourceTree = "<group>"; };
		879E550229DC0AFF0071D0A1 /* ErrorModels.swift */ = {isa = PBXFileReference; lastKnownFileType = sourcecode.swift; path = ErrorModels.swift; sourceTree = "<group>"; };
		879E550629DC0DC50071D0A1 /* PeopleListViewModel.swift */ = {isa = PBXFileReference; lastKnownFileType = sourcecode.swift; path = PeopleListViewModel.swift; sourceTree = "<group>"; };
/* End PBXFileReference section */

/* Begin PBXFrameworksBuildPhase section */
		879E54C529DC02580071D0A1 /* Frameworks */ = {
			isa = PBXFrameworksBuildPhase;
			buildActionMask = 2147483647;
			files = (
				879E54FD29DC04D80071D0A1 /* Alamofire in Frameworks */,
			);
			runOnlyForDeploymentPostprocessing = 0;
		};
		879E54D629DC025A0071D0A1 /* Frameworks */ = {
			isa = PBXFrameworksBuildPhase;
			buildActionMask = 2147483647;
			files = (
			);
			runOnlyForDeploymentPostprocessing = 0;
		};
		879E54E129DC025A0071D0A1 /* Frameworks */ = {
			isa = PBXFrameworksBuildPhase;
			buildActionMask = 2147483647;
			files = (
			);
			runOnlyForDeploymentPostprocessing = 0;
		};
/* End PBXFrameworksBuildPhase section */

/* Begin PBXGroup section */
		879E54BF29DC02580071D0A1 = {
			isa = PBXGroup;
			children = (
				879E54CA29DC02580071D0A1 /* StarWarsSwiftUI */,
				879E54DC29DC025A0071D0A1 /* StarWarsSwiftUITests */,
				879E54E729DC025A0071D0A1 /* StarWarsSwiftUIUITests */,
				879E54C929DC02580071D0A1 /* Products */,
			);
			sourceTree = "<group>";
		};
		879E54C929DC02580071D0A1 /* Products */ = {
			isa = PBXGroup;
			children = (
				879E54C829DC02580071D0A1 /* StarWarsSwiftUI.app */,
				879E54D929DC025A0071D0A1 /* StarWarsSwiftUITests.xctest */,
				879E54E429DC025A0071D0A1 /* StarWarsSwiftUIUITests.xctest */,
			);
			name = Products;
			sourceTree = "<group>";
		};
		879E54CA29DC02580071D0A1 /* StarWarsSwiftUI */ = {
			isa = PBXGroup;
			children = (
				879E54CB29DC02580071D0A1 /* StarWarsSwiftUIApp.swift */,
				879E54FE29DC06930071D0A1 /* Services */,
				879E54F729DC02F20071D0A1 /* Models */,
				879E550529DC0D790071D0A1 /* ViewModels */,
				879E54F629DC02E80071D0A1 /* Views */,
				879E54CF29DC025A0071D0A1 /* Assets.xcassets */,
				879E54D429DC025A0071D0A1 /* Info.plist */,
				879E54D129DC025A0071D0A1 /* Preview Content */,
			);
			path = StarWarsSwiftUI;
			sourceTree = "<group>";
		};
		879E54D129DC025A0071D0A1 /* Preview Content */ = {
			isa = PBXGroup;
			children = (
				879E54D229DC025A0071D0A1 /* Preview Assets.xcassets */,
			);
			path = "Preview Content";
			sourceTree = "<group>";
		};
		879E54DC29DC025A0071D0A1 /* StarWarsSwiftUITests */ = {
			isa = PBXGroup;
			children = (
				879E54DD29DC025A0071D0A1 /* StarWarsSwiftUITests.swift */,
				879E54DF29DC025A0071D0A1 /* Info.plist */,
			);
			path = StarWarsSwiftUITests;
			sourceTree = "<group>";
		};
		879E54E729DC025A0071D0A1 /* StarWarsSwiftUIUITests */ = {
			isa = PBXGroup;
			children = (
				879E54E829DC025A0071D0A1 /* StarWarsSwiftUIUITests.swift */,
				879E54EA29DC025A0071D0A1 /* Info.plist */,
			);
			path = StarWarsSwiftUIUITests;
			sourceTree = "<group>";
		};
		879E54F629DC02E80071D0A1 /* Views */ = {
			isa = PBXGroup;
			children = (
				879E54CD29DC02580071D0A1 /* ContentView.swift */,
			);
			path = Views;
			sourceTree = "<group>";
		};
		879E54F729DC02F20071D0A1 /* Models */ = {
			isa = PBXGroup;
			children = (
				879E54F829DC039B0071D0A1 /* PeopleListModel.swift */,
				879E550229DC0AFF0071D0A1 /* ErrorModels.swift */,
			);
			path = Models;
			sourceTree = "<group>";
		};
		879E54FE29DC06930071D0A1 /* Services */ = {
			isa = PBXGroup;
			children = (
				879E54FF29DC07300071D0A1 /* NetworkManager.swift */,
			);
			path = Services;
			sourceTree = "<group>";
		};
		879E550529DC0D790071D0A1 /* ViewModels */ = {
			isa = PBXGroup;
			children = (
				879E550629DC0DC50071D0A1 /* PeopleListViewModel.swift */,
			);
			path = ViewModels;
			sourceTree = "<group>";
		};
/* End PBXGroup section */

/* Begin PBXNativeTarget section */
		879E54C729DC02580071D0A1 /* StarWarsSwiftUI */ = {
			isa = PBXNativeTarget;
			buildConfigurationList = 879E54ED29DC025A0071D0A1 /* Build configuration list for PBXNativeTarget "StarWarsSwiftUI" */;
			buildPhases = (
				879E54C429DC02580071D0A1 /* Sources */,
				879E54C529DC02580071D0A1 /* Frameworks */,
				879E54C629DC02580071D0A1 /* Resources */,
			);
			buildRules = (
			);
			dependencies = (
			);
			name = StarWarsSwiftUI;
			packageProductDependencies = (
				879E54FC29DC04D80071D0A1 /* Alamofire */,
			);
			productName = StarWarsSwiftUI;
			productReference = 879E54C829DC02580071D0A1 /* StarWarsSwiftUI.app */;
			productType = "com.apple.product-type.application";
		};
		879E54D829DC025A0071D0A1 /* StarWarsSwiftUITests */ = {
			isa = PBXNativeTarget;
			buildConfigurationList = 879E54F029DC025A0071D0A1 /* Build configuration list for PBXNativeTarget "StarWarsSwiftUITests" */;
			buildPhases = (
				879E54D529DC025A0071D0A1 /* Sources */,
				879E54D629DC025A0071D0A1 /* Frameworks */,
				879E54D729DC025A0071D0A1 /* Resources */,
			);
			buildRules = (
			);
			dependencies = (
				879E54DB29DC025A0071D0A1 /* PBXTargetDependency */,
			);
			name = StarWarsSwiftUITests;
			productName = StarWarsSwiftUITests;
			productReference = 879E54D929DC025A0071D0A1 /* StarWarsSwiftUITests.xctest */;
			productType = "com.apple.product-type.bundle.unit-test";
		};
		879E54E329DC025A0071D0A1 /* StarWarsSwiftUIUITests */ = {
			isa = PBXNativeTarget;
			buildConfigurationList = 879E54F329DC025A0071D0A1 /* Build configuration list for PBXNativeTarget "StarWarsSwiftUIUITests" */;
			buildPhases = (
				879E54E029DC025A0071D0A1 /* Sources */,
				879E54E129DC025A0071D0A1 /* Frameworks */,
				879E54E229DC025A0071D0A1 /* Resources */,
			);
			buildRules = (
			);
			dependencies = (
				879E54E629DC025A0071D0A1 /* PBXTargetDependency */,
			);
			name = StarWarsSwiftUIUITests;
			productName = StarWarsSwiftUIUITests;
			productReference = 879E54E429DC025A0071D0A1 /* StarWarsSwiftUIUITests.xctest */;
			productType = "com.apple.product-type.bundle.ui-testing";
		};
/* End PBXNativeTarget section */

/* Begin PBXProject section */
		879E54C029DC02580071D0A1 /* Project object */ = {
			isa = PBXProject;
			attributes = {
				LastSwiftUpdateCheck = 1250;
				LastUpgradeCheck = 1250;
				TargetAttributes = {
					879E54C729DC02580071D0A1 = {
						CreatedOnToolsVersion = 12.5.1;
					};
					879E54D829DC025A0071D0A1 = {
						CreatedOnToolsVersion = 12.5.1;
						TestTargetID = 879E54C729DC02580071D0A1;
					};
					879E54E329DC025A0071D0A1 = {
						CreatedOnToolsVersion = 12.5.1;
						TestTargetID = 879E54C729DC02580071D0A1;
					};
				};
			};
			buildConfigurationList = 879E54C329DC02580071D0A1 /* Build configuration list for PBXProject "StarWarsSwiftUI" */;
			compatibilityVersion = "Xcode 9.3";
			developmentRegion = en;
			hasScannedForEncodings = 0;
			knownRegions = (
				en,
				Base,
			);
			mainGroup = 879E54BF29DC02580071D0A1;
			packageReferences = (
				879E54FB29DC04D80071D0A1 /* XCRemoteSwiftPackageReference "Alamofire" */,
			);
			productRefGroup = 879E54C929DC02580071D0A1 /* Products */;
			projectDirPath = "";
			projectRoot = "";
			targets = (
				879E54C729DC02580071D0A1 /* StarWarsSwiftUI */,
				879E54D829DC025A0071D0A1 /* StarWarsSwiftUITests */,
				879E54E329DC025A0071D0A1 /* StarWarsSwiftUIUITests */,
			);
		};
/* End PBXProject section */

/* Begin PBXResourcesBuildPhase section */
		879E54C629DC02580071D0A1 /* Resources */ = {
			isa = PBXResourcesBuildPhase;
			buildActionMask = 2147483647;
			files = (
				879E54D329DC025A0071D0A1 /* Preview Assets.xcassets in Resources */,
				879E54D029DC025A0071D0A1 /* Assets.xcassets in Resources */,
			);
			runOnlyForDeploymentPostprocessing = 0;
		};
		879E54D729DC025A0071D0A1 /* Resources */ = {
			isa = PBXResourcesBuildPhase;
			buildActionMask = 2147483647;
			files = (
			);
			runOnlyForDeploymentPostprocessing = 0;
		};
		879E54E229DC025A0071D0A1 /* Resources */ = {
			isa = PBXResourcesBuildPhase;
			buildActionMask = 2147483647;
			files = (
			);
			runOnlyForDeploymentPostprocessing = 0;
		};
/* End PBXResourcesBuildPhase section */

/* Begin PBXSourcesBuildPhase section */
		879E54C429DC02580071D0A1 /* Sources */ = {
			isa = PBXSourcesBuildPhase;
			buildActionMask = 2147483647;
			files = (
				879E550329DC0AFF0071D0A1 /* ErrorModels.swift in Sources */,
				879E550729DC0DC50071D0A1 /* PeopleListViewModel.swift in Sources */,
				879E550029DC07300071D0A1 /* NetworkManager.swift in Sources */,
				879E54F929DC039B0071D0A1 /* PeopleListModel.swift in Sources */,
				879E54CE29DC02580071D0A1 /* ContentView.swift in Sources */,
				879E54CC29DC02580071D0A1 /* StarWarsSwiftUIApp.swift in Sources */,
			);
			runOnlyForDeploymentPostprocessing = 0;
		};
		879E54D529DC025A0071D0A1 /* Sources */ = {
			isa = PBXSourcesBuildPhase;
			buildActionMask = 2147483647;
			files = (
				879E550129DC07300071D0A1 /* NetworkManager.swift in Sources */,
				879E54FA29DC039B0071D0A1 /* PeopleListModel.swift in Sources */,
				879E550829DC0DC50071D0A1 /* PeopleListViewModel.swift in Sources */,
				879E550429DC0AFF0071D0A1 /* ErrorModels.swift in Sources */,
				879E54DE29DC025A0071D0A1 /* StarWarsSwiftUITests.swift in Sources */,
			);
			runOnlyForDeploymentPostprocessing = 0;
		};
		879E54E029DC025A0071D0A1 /* Sources */ = {
			isa = PBXSourcesBuildPhase;
			buildActionMask = 2147483647;
			files = (
				879E54E929DC025A0071D0A1 /* StarWarsSwiftUIUITests.swift in Sources */,
			);
			runOnlyForDeploymentPostprocessing = 0;
		};
/* End PBXSourcesBuildPhase section */

/* Begin PBXTargetDependency section */
		879E54DB29DC025A0071D0A1 /* PBXTargetDependency */ = {
			isa = PBXTargetDependency;
			target = 879E54C729DC02580071D0A1 /* StarWarsSwiftUI */;
			targetProxy = 879E54DA29DC025A0071D0A1 /* PBXContainerItemProxy */;
		};
		879E54E629DC025A0071D0A1 /* PBXTargetDependency */ = {
			isa = PBXTargetDependency;
			target = 879E54C729DC02580071D0A1 /* StarWarsSwiftUI */;
			targetProxy = 879E54E529DC025A0071D0A1 /* PBXContainerItemProxy */;
		};
/* End PBXTargetDependency section */

/* Begin XCBuildConfiguration section */
		879E54EB29DC025A0071D0A1 /* Debug */ = {
			isa = XCBuildConfiguration;
			buildSettings = {
				ALWAYS_SEARCH_USER_PATHS = NO;
				CLANG_ANALYZER_NONNULL = YES;
				CLANG_ANALYZER_NUMBER_OBJECT_CONVERSION = YES_AGGRESSIVE;
				CLANG_CXX_LANGUAGE_STANDARD = "gnu++14";
				CLANG_CXX_LIBRARY = "libc++";
				CLANG_ENABLE_MODULES = YES;
				CLANG_ENABLE_OBJC_ARC = YES;
				CLANG_ENABLE_OBJC_WEAK = YES;
				CLANG_WARN_BLOCK_CAPTURE_AUTORELEASING = YES;
				CLANG_WARN_BOOL_CONVERSION = YES;
				CLANG_WARN_COMMA = YES;
				CLANG_WARN_CONSTANT_CONVERSION = YES;
				CLANG_WARN_DEPRECATED_OBJC_IMPLEMENTATIONS = YES;
				CLANG_WARN_DIRECT_OBJC_ISA_USAGE = YES_ERROR;
				CLANG_WARN_DOCUMENTATION_COMMENTS = YES;
				CLANG_WARN_EMPTY_BODY = YES;
				CLANG_WARN_ENUM_CONVERSION = YES;
				CLANG_WARN_INFINITE_RECURSION = YES;
				CLANG_WARN_INT_CONVERSION = YES;
				CLANG_WARN_NON_LITERAL_NULL_CONVERSION = YES;
				CLANG_WARN_OBJC_IMPLICIT_RETAIN_SELF = YES;
				CLANG_WARN_OBJC_LITERAL_CONVERSION = YES;
				CLANG_WARN_OBJC_ROOT_CLASS = YES_ERROR;
				CLANG_WARN_QUOTED_INCLUDE_IN_FRAMEWORK_HEADER = YES;
				CLANG_WARN_RANGE_LOOP_ANALYSIS = YES;
				CLANG_WARN_STRICT_PROTOTYPES = YES;
				CLANG_WARN_SUSPICIOUS_MOVE = YES;
				CLANG_WARN_UNGUARDED_AVAILABILITY = YES_AGGRESSIVE;
				CLANG_WARN_UNREACHABLE_CODE = YES;
				CLANG_WARN__DUPLICATE_METHOD_MATCH = YES;
				COPY_PHASE_STRIP = NO;
				DEBUG_INFORMATION_FORMAT = dwarf;
				ENABLE_STRICT_OBJC_MSGSEND = YES;
				ENABLE_TESTABILITY = YES;
				GCC_C_LANGUAGE_STANDARD = gnu11;
				GCC_DYNAMIC_NO_PIC = NO;
				GCC_NO_COMMON_BLOCKS = YES;
				GCC_OPTIMIZATION_LEVEL = 0;
				GCC_PREPROCESSOR_DEFINITIONS = (
					"DEBUG=1",
					"$(inherited)",
				);
				GCC_WARN_64_TO_32_BIT_CONVERSION = YES;
				GCC_WARN_ABOUT_RETURN_TYPE = YES_ERROR;
				GCC_WARN_UNDECLARED_SELECTOR = YES;
				GCC_WARN_UNINITIALIZED_AUTOS = YES_AGGRESSIVE;
				GCC_WARN_UNUSED_FUNCTION = YES;
				GCC_WARN_UNUSED_VARIABLE = YES;
				IPHONEOS_DEPLOYMENT_TARGET = 14.5;
				MTL_ENABLE_DEBUG_INFO = INCLUDE_SOURCE;
				MTL_FAST_MATH = YES;
				ONLY_ACTIVE_ARCH = YES;
				SDKROOT = iphoneos;
				SWIFT_ACTIVE_COMPILATION_CONDITIONS = DEBUG;
				SWIFT_OPTIMIZATION_LEVEL = "-Onone";
			};
			name = Debug;
		};
		879E54EC29DC025A0071D0A1 /* Release */ = {
			isa = XCBuildConfiguration;
			buildSettings = {
				ALWAYS_SEARCH_USER_PATHS = NO;
				CLANG_ANALYZER_NONNULL = YES;
				CLANG_ANALYZER_NUMBER_OBJECT_CONVERSION = YES_AGGRESSIVE;
				CLANG_CXX_LANGUAGE_STANDARD = "gnu++14";
				CLANG_CXX_LIBRARY = "libc++";
				CLANG_ENABLE_MODULES = YES;
				CLANG_ENABLE_OBJC_ARC = YES;
				CLANG_ENABLE_OBJC_WEAK = YES;
				CLANG_WARN_BLOCK_CAPTURE_AUTORELEASING = YES;
				CLANG_WARN_BOOL_CONVERSION = YES;
				CLANG_WARN_COMMA = YES;
				CLANG_WARN_CONSTANT_CONVERSION = YES;
				CLANG_WARN_DEPRECATED_OBJC_IMPLEMENTATIONS = YES;
				CLANG_WARN_DIRECT_OBJC_ISA_USAGE = YES_ERROR;
				CLANG_WARN_DOCUMENTATION_COMMENTS = YES;
				CLANG_WARN_EMPTY_BODY = YES;
				CLANG_WARN_ENUM_CONVERSION = YES;
				CLANG_WARN_INFINITE_RECURSION = YES;
				CLANG_WARN_INT_CONVERSION = YES;
				CLANG_WARN_NON_LITERAL_NULL_CONVERSION = YES;
				CLANG_WARN_OBJC_IMPLICIT_RETAIN_SELF = YES;
				CLANG_WARN_OBJC_LITERAL_CONVERSION = YES;
				CLANG_WARN_OBJC_ROOT_CLASS = YES_ERROR;
				CLANG_WARN_QUOTED_INCLUDE_IN_FRAMEWORK_HEADER = YES;
				CLANG_WARN_RANGE_LOOP_ANALYSIS = YES;
				CLANG_WARN_STRICT_PROTOTYPES = YES;
				CLANG_WARN_SUSPICIOUS_MOVE = YES;
				CLANG_WARN_UNGUARDED_AVAILABILITY = YES_AGGRESSIVE;
				CLANG_WARN_UNREACHABLE_CODE = YES;
				CLANG_WARN__DUPLICATE_METHOD_MATCH = YES;
				COPY_PHASE_STRIP = NO;
				DEBUG_INFORMATION_FORMAT = "dwarf-with-dsym";
				ENABLE_NS_ASSERTIONS = NO;
				ENABLE_STRICT_OBJC_MSGSEND = YES;
				GCC_C_LANGUAGE_STANDARD = gnu11;
				GCC_NO_COMMON_BLOCKS = YES;
				GCC_WARN_64_TO_32_BIT_CONVERSION = YES;
				GCC_WARN_ABOUT_RETURN_TYPE = YES_ERROR;
				GCC_WARN_UNDECLARED_SELECTOR = YES;
				GCC_WARN_UNINITIALIZED_AUTOS = YES_AGGRESSIVE;
				GCC_WARN_UNUSED_FUNCTION = YES;
				GCC_WARN_UNUSED_VARIABLE = YES;
				IPHONEOS_DEPLOYMENT_TARGET = 14.5;
				MTL_ENABLE_DEBUG_INFO = NO;
				MTL_FAST_MATH = YES;
				SDKROOT = iphoneos;
				SWIFT_COMPILATION_MODE = wholemodule;
				SWIFT_OPTIMIZATION_LEVEL = "-O";
				VALIDATE_PRODUCT = YES;
			};
			name = Release;
		};
		879E54EE29DC025A0071D0A1 /* Debug */ = {
			isa = XCBuildConfiguration;
			buildSettings = {
				ASSETCATALOG_COMPILER_APPICON_NAME = AppIcon;
				ASSETCATALOG_COMPILER_GLOBAL_ACCENT_COLOR_NAME = AccentColor;
				CODE_SIGN_STYLE = Automatic;
				DEVELOPMENT_ASSET_PATHS = "\"StarWarsSwiftUI/Preview Content\"";
				DEVELOPMENT_TEAM = CJLRRXKBY6;
				ENABLE_PREVIEWS = YES;
				INFOPLIST_FILE = StarWarsSwiftUI/Info.plist;
				IPHONEOS_DEPLOYMENT_TARGET = 14.0;
				LD_RUNPATH_SEARCH_PATHS = (
					"$(inherited)",
					"@executable_path/Frameworks",
				);
				PRODUCT_BUNDLE_IDENTIFIER = com.yardenkatz.StarWarsSwiftUI;
				PRODUCT_NAME = "$(TARGET_NAME)";
				SWIFT_VERSION = 5.0;
				TARGETED_DEVICE_FAMILY = "1,2";
			};
			name = Debug;
		};
		879E54EF29DC025A0071D0A1 /* Release */ = {
			isa = XCBuildConfiguration;
			buildSettings = {
				ASSETCATALOG_COMPILER_APPICON_NAME = AppIcon;
				ASSETCATALOG_COMPILER_GLOBAL_ACCENT_COLOR_NAME = AccentColor;
				CODE_SIGN_STYLE = Automatic;
				DEVELOPMENT_ASSET_PATHS = "\"StarWarsSwiftUI/Preview Content\"";
				DEVELOPMENT_TEAM = CJLRRXKBY6;
				ENABLE_PREVIEWS = YES;
				INFOPLIST_FILE = StarWarsSwiftUI/Info.plist;
				IPHONEOS_DEPLOYMENT_TARGET = 14.0;
				LD_RUNPATH_SEARCH_PATHS = (
					"$(inherited)",
					"@executable_path/Frameworks",
				);
				PRODUCT_BUNDLE_IDENTIFIER = com.yardenkatz.StarWarsSwiftUI;
				PRODUCT_NAME = "$(TARGET_NAME)";
				SWIFT_VERSION = 5.0;
				TARGETED_DEVICE_FAMILY = "1,2";
			};
			name = Release;
		};
		879E54F129DC025A0071D0A1 /* Debug */ = {
			isa = XCBuildConfiguration;
			buildSettings = {
				ALWAYS_EMBED_SWIFT_STANDARD_LIBRARIES = YES;
				BUNDLE_LOADER = "$(TEST_HOST)";
				CODE_SIGN_STYLE = Automatic;
				DEVELOPMENT_TEAM = CJLRRXKBY6;
				INFOPLIST_FILE = StarWarsSwiftUITests/Info.plist;
				IPHONEOS_DEPLOYMENT_TARGET = 14.0;
				LD_RUNPATH_SEARCH_PATHS = (
					"$(inherited)",
					"@executable_path/Frameworks",
					"@loader_path/Frameworks",
				);
				PRODUCT_BUNDLE_IDENTIFIER = com.yardenkatz.StarWarsSwiftUITests;
				PRODUCT_NAME = "$(TARGET_NAME)";
				SWIFT_VERSION = 5.0;
				TARGETED_DEVICE_FAMILY = "1,2";
				TEST_HOST = "$(BUILT_PRODUCTS_DIR)/StarWarsSwiftUI.app/StarWarsSwiftUI";
			};
			name = Debug;
		};
		879E54F229DC025A0071D0A1 /* Release */ = {
			isa = XCBuildConfiguration;
			buildSettings = {
				ALWAYS_EMBED_SWIFT_STANDARD_LIBRARIES = YES;
				BUNDLE_LOADER = "$(TEST_HOST)";
				CODE_SIGN_STYLE = Automatic;
				DEVELOPMENT_TEAM = CJLRRXKBY6;
				INFOPLIST_FILE = StarWarsSwiftUITests/Info.plist;
				IPHONEOS_DEPLOYMENT_TARGET = 14.0;
				LD_RUNPATH_SEARCH_PATHS = (
					"$(inherited)",
					"@executable_path/Frameworks",
					"@loader_path/Frameworks",
				);
				PRODUCT_BUNDLE_IDENTIFIER = com.yardenkatz.StarWarsSwiftUITests;
				PRODUCT_NAME = "$(TARGET_NAME)";
				SWIFT_VERSION = 5.0;
				TARGETED_DEVICE_FAMILY = "1,2";
				TEST_HOST = "$(BUILT_PRODUCTS_DIR)/StarWarsSwiftUI.app/StarWarsSwiftUI";
			};
			name = Release;
		};
		879E54F429DC025A0071D0A1 /* Debug */ = {
			isa = XCBuildConfiguration;
			buildSettings = {
				ALWAYS_EMBED_SWIFT_STANDARD_LIBRARIES = YES;
				CODE_SIGN_STYLE = Automatic;
				DEVELOPMENT_TEAM = CJLRRXKBY6;
				INFOPLIST_FILE = StarWarsSwiftUIUITests/Info.plist;
				LD_RUNPATH_SEARCH_PATHS = (
					"$(inherited)",
					"@executable_path/Frameworks",
					"@loader_path/Frameworks",
				);
				PRODUCT_BUNDLE_IDENTIFIER = com.yardenkatz.StarWarsSwiftUIUITests;
				PRODUCT_NAME = "$(TARGET_NAME)";
				SWIFT_VERSION = 5.0;
				TARGETED_DEVICE_FAMILY = "1,2";
				TEST_TARGET_NAME = StarWarsSwiftUI;
			};
			name = Debug;
		};
		879E54F529DC025A0071D0A1 /* Release */ = {
			isa = XCBuildConfiguration;
			buildSettings = {
				ALWAYS_EMBED_SWIFT_STANDARD_LIBRARIES = YES;
				CODE_SIGN_STYLE = Automatic;
				DEVELOPMENT_TEAM = CJLRRXKBY6;
				INFOPLIST_FILE = StarWarsSwiftUIUITests/Info.plist;
				LD_RUNPATH_SEARCH_PATHS = (
					"$(inherited)",
					"@executable_path/Frameworks",
					"@loader_path/Frameworks",
				);
				PRODUCT_BUNDLE_IDENTIFIER = com.yardenkatz.StarWarsSwiftUIUITests;
				PRODUCT_NAME = "$(TARGET_NAME)";
				SWIFT_VERSION = 5.0;
				TARGETED_DEVICE_FAMILY = "1,2";
				TEST_TARGET_NAME = StarWarsSwiftUI;
			};
			name = Release;
		};
/* End XCBuildConfiguration section */

/* Begin XCConfigurationList section */
		879E54C329DC02580071D0A1 /* Build configuration list for PBXProject "StarWarsSwiftUI" */ = {
			isa = XCConfigurationList;
			buildConfigurations = (
				879E54EB29DC025A0071D0A1 /* Debug */,
				879E54EC29DC025A0071D0A1 /* Release */,
			);
			defaultConfigurationIsVisible = 0;
			defaultConfigurationName = Release;
		};
		879E54ED29DC025A0071D0A1 /* Build configuration list for PBXNativeTarget "StarWarsSwiftUI" */ = {
			isa = XCConfigurationList;
			buildConfigurations = (
				879E54EE29DC025A0071D0A1 /* Debug */,
				879E54EF29DC025A0071D0A1 /* Release */,
			);
			defaultConfigurationIsVisible = 0;
			defaultConfigurationName = Release;
		};
		879E54F029DC025A0071D0A1 /* Build configuration list for PBXNativeTarget "StarWarsSwiftUITests" */ = {
			isa = XCConfigurationList;
			buildConfigurations = (
				879E54F129DC025A0071D0A1 /* Debug */,
				879E54F229DC025A0071D0A1 /* Release */,
			);
			defaultConfigurationIsVisible = 0;
			defaultConfigurationName = Release;
		};
		879E54F329DC025A0071D0A1 /* Build configuration list for PBXNativeTarget "StarWarsSwiftUIUITests" */ = {
			isa = XCConfigurationList;
			buildConfigurations = (
				879E54F429DC025A0071D0A1 /* Debug */,
				879E54F529DC025A0071D0A1 /* Release */,
			);
			defaultConfigurationIsVisible = 0;
			defaultConfigurationName = Release;
		};
/* End XCConfigurationList section */

/* Begin XCRemoteSwiftPackageReference section */
		879E54FB29DC04D80071D0A1 /* XCRemoteSwiftPackageReference "Alamofire" */ = {
			isa = XCRemoteSwiftPackageReference;
			repositoryURL = "https://github.com/Alamofire/Alamofire.git";
			requirement = {
				kind = upToNextMajorVersion;
				minimumVersion = 5.6.4;
			};
		};
/* End XCRemoteSwiftPackageReference section */

/* Begin XCSwiftPackageProductDependency section */
		879E54FC29DC04D80071D0A1 /* Alamofire */ = {
			isa = XCSwiftPackageProductDependency;
			package = 879E54FB29DC04D80071D0A1 /* XCRemoteSwiftPackageReference "Alamofire" */;
			productName = Alamofire;
		};
/* End XCSwiftPackageProductDependency section */
	};
	rootObject = 879E54C029DC02580071D0A1 /* Project object */;
}
